// !$*UTF8*$!
{
	archiveVersion = 1;
	classes = {
	};
	objectVersion = 55;
	objects = {

/* Begin PBXBuildFile section */
		17548649281CBFFA007FE610 /* AppDelegate.swift in Sources */ = {isa = PBXBuildFile; fileRef = 17548648281CBFFA007FE610 /* AppDelegate.swift */; };
		1754864B281CBFFA007FE610 /* RootViewController.swift in Sources */ = {isa = PBXBuildFile; fileRef = 1754864A281CBFFA007FE610 /* RootViewController.swift */; };
		1754864D281CBFFA007FE610 /* Assets.xcassets in Resources */ = {isa = PBXBuildFile; fileRef = 1754864C281CBFFA007FE610 /* Assets.xcassets */; };
		17548658281CC06D007FE610 /* main.swift in Sources */ = {isa = PBXBuildFile; fileRef = 17548657281CC06D007FE610 /* main.swift */; };
		1754865A281CC151007FE610 /* ChildViewController.swift in Sources */ = {isa = PBXBuildFile; fileRef = 17548659281CC151007FE610 /* ChildViewController.swift */; };
		1754865C281CC94D007FE610 /* SidebarViewController.swift in Sources */ = {isa = PBXBuildFile; fileRef = 1754865B281CC94D007FE610 /* SidebarViewController.swift */; };
		177C45CD2820245300C11212 /* CGPoint+Extension.swift in Sources */ = {isa = PBXBuildFile; fileRef = 177C45CC2820245300C11212 /* CGPoint+Extension.swift */; };
		177C45CF282026F600C11212 /* MouseState.swift in Sources */ = {isa = PBXBuildFile; fileRef = 177C45CE282026F600C11212 /* MouseState.swift */; };
		177C45D12821B34600C11212 /* DocumentViewController.swift in Sources */ = {isa = PBXBuildFile; fileRef = 177C45D02821B34600C11212 /* DocumentViewController.swift */; };
/* End PBXBuildFile section */

/* Begin PBXFileReference section */
		17548645281CBFFA007FE610 /* Comet.app */ = {isa = PBXFileReference; explicitFileType = wrapper.application; includeInIndex = 0; path = Comet.app; sourceTree = BUILT_PRODUCTS_DIR; };
		17548648281CBFFA007FE610 /* AppDelegate.swift */ = {isa = PBXFileReference; lastKnownFileType = sourcecode.swift; path = AppDelegate.swift; sourceTree = "<group>"; };
		1754864A281CBFFA007FE610 /* RootViewController.swift */ = {isa = PBXFileReference; lastKnownFileType = sourcecode.swift; path = RootViewController.swift; sourceTree = "<group>"; };
		1754864C281CBFFA007FE610 /* Assets.xcassets */ = {isa = PBXFileReference; lastKnownFileType = folder.assetcatalog; path = Assets.xcassets; sourceTree = "<group>"; };
		17548651281CBFFA007FE610 /* Comet.entitlements */ = {isa = PBXFileReference; lastKnownFileType = text.plist.entitlements; path = Comet.entitlements; sourceTree = "<group>"; };
		17548657281CC06D007FE610 /* main.swift */ = {isa = PBXFileReference; lastKnownFileType = sourcecode.swift; path = main.swift; sourceTree = "<group>"; };
		17548659281CC151007FE610 /* ChildViewController.swift */ = {isa = PBXFileReference; lastKnownFileType = sourcecode.swift; path = ChildViewController.swift; sourceTree = "<group>"; };
		1754865B281CC94D007FE610 /* SidebarViewController.swift */ = {isa = PBXFileReference; lastKnownFileType = sourcecode.swift; path = SidebarViewController.swift; sourceTree = "<group>"; };
		177C45CC2820245300C11212 /* CGPoint+Extension.swift */ = {isa = PBXFileReference; lastKnownFileType = sourcecode.swift; path = "CGPoint+Extension.swift"; sourceTree = "<group>"; };
		177C45CE282026F600C11212 /* MouseState.swift */ = {isa = PBXFileReference; lastKnownFileType = sourcecode.swift; path = MouseState.swift; sourceTree = "<group>"; };
		177C45D02821B34600C11212 /* DocumentViewController.swift */ = {isa = PBXFileReference; lastKnownFileType = sourcecode.swift; path = DocumentViewController.swift; sourceTree = "<group>"; };
/* End PBXFileReference section */

/* Begin PBXFrameworksBuildPhase section */
		17548642281CBFFA007FE610 /* Frameworks */ = {
			isa = PBXFrameworksBuildPhase;
			buildActionMask = 2147483647;
			files = (
			);
			runOnlyForDeploymentPostprocessing = 0;
		};
/* End PBXFrameworksBuildPhase section */

/* Begin PBXGroup section */
		1754863C281CBFFA007FE610 = {
			isa = PBXGroup;
			children = (
				17548647281CBFFA007FE610 /* Comet */,
				17548646281CBFFA007FE610 /* Products */,
			);
			sourceTree = "<group>";
		};
		17548646281CBFFA007FE610 /* Products */ = {
			isa = PBXGroup;
			children = (
				17548645281CBFFA007FE610 /* Comet.app */,
			);
			name = Products;
			sourceTree = "<group>";
		};
		17548647281CBFFA007FE610 /* Comet */ = {
			isa = PBXGroup;
			children = (
				177C45CE282026F600C11212 /* MouseState.swift */,
				17548648281CBFFA007FE610 /* AppDelegate.swift */,
				17548657281CC06D007FE610 /* main.swift */,
				1754864A281CBFFA007FE610 /* RootViewController.swift */,
				177C45CC2820245300C11212 /* CGPoint+Extension.swift */,
				1754865B281CC94D007FE610 /* SidebarViewController.swift */,
				17548659281CC151007FE610 /* ChildViewController.swift */,
				177C45D02821B34600C11212 /* DocumentViewController.swift */,
				1754864C281CBFFA007FE610 /* Assets.xcassets */,
				17548651281CBFFA007FE610 /* Comet.entitlements */,
			);
			path = Comet;
			sourceTree = "<group>";
		};
/* End PBXGroup section */

/* Begin PBXNativeTarget section */
		17548644281CBFFA007FE610 /* Comet */ = {
			isa = PBXNativeTarget;
			buildConfigurationList = 17548654281CBFFA007FE610 /* Build configuration list for PBXNativeTarget "Comet" */;
			buildPhases = (
				17548641281CBFFA007FE610 /* Sources */,
				17548642281CBFFA007FE610 /* Frameworks */,
				17548643281CBFFA007FE610 /* Resources */,
			);
			buildRules = (
			);
			dependencies = (
			);
			name = Comet;
			productName = Comet;
			productReference = 17548645281CBFFA007FE610 /* Comet.app */;
			productType = "com.apple.product-type.application";
		};
/* End PBXNativeTarget section */

/* Begin PBXProject section */
		1754863D281CBFFA007FE610 /* Project object */ = {
			isa = PBXProject;
			attributes = {
				BuildIndependentTargetsInParallel = 1;
				LastSwiftUpdateCheck = 1330;
				LastUpgradeCheck = 1330;
				TargetAttributes = {
					17548644281CBFFA007FE610 = {
						CreatedOnToolsVersion = 13.3;
					};
				};
			};
			buildConfigurationList = 17548640281CBFFA007FE610 /* Build configuration list for PBXProject "Comet" */;
			compatibilityVersion = "Xcode 13.0";
			developmentRegion = en;
			hasScannedForEncodings = 0;
			knownRegions = (
				en,
				Base,
			);
			mainGroup = 1754863C281CBFFA007FE610;
			productRefGroup = 17548646281CBFFA007FE610 /* Products */;
			projectDirPath = "";
			projectRoot = "";
			targets = (
				17548644281CBFFA007FE610 /* Comet */,
			);
		};
/* End PBXProject section */

/* Begin PBXResourcesBuildPhase section */
		17548643281CBFFA007FE610 /* Resources */ = {
			isa = PBXResourcesBuildPhase;
			buildActionMask = 2147483647;
			files = (
				1754864D281CBFFA007FE610 /* Assets.xcassets in Resources */,
			);
			runOnlyForDeploymentPostprocessing = 0;
		};
/* End PBXResourcesBuildPhase section */

/* Begin PBXSourcesBuildPhase section */
		17548641281CBFFA007FE610 /* Sources */ = {
			isa = PBXSourcesBuildPhase;
			buildActionMask = 2147483647;
			files = (
				177C45CF282026F600C11212 /* MouseState.swift in Sources */,
				1754865C281CC94D007FE610 /* SidebarViewController.swift in Sources */,
				1754864B281CBFFA007FE610 /* RootViewController.swift in Sources */,
				177C45CD2820245300C11212 /* CGPoint+Extension.swift in Sources */,
				17548649281CBFFA007FE610 /* AppDelegate.swift in Sources */,
				177C45D12821B34600C11212 /* DocumentViewController.swift in Sources */,
				17548658281CC06D007FE610 /* main.swift in Sources */,
				1754865A281CC151007FE610 /* ChildViewController.swift in Sources */,
			);
			runOnlyForDeploymentPostprocessing = 0;
		};
/* End PBXSourcesBuildPhase section */

/* Begin XCBuildConfiguration section */
		17548652281CBFFA007FE610 /* Debug */ = {
			isa = XCBuildConfiguration;
			buildSettings = {
				ALWAYS_SEARCH_USER_PATHS = NO;
				CLANG_ANALYZER_NONNULL = YES;
				CLANG_ANALYZER_NUMBER_OBJECT_CONVERSION = YES_AGGRESSIVE;
				CLANG_CXX_LANGUAGE_STANDARD = "gnu++17";
				CLANG_ENABLE_MODULES = YES;
				CLANG_ENABLE_OBJC_ARC = YES;
				CLANG_ENABLE_OBJC_WEAK = YES;
				CLANG_WARN_BLOCK_CAPTURE_AUTORELEASING = YES;
				CLANG_WARN_BOOL_CONVERSION = YES;
				CLANG_WARN_COMMA = YES;
				CLANG_WARN_CONSTANT_CONVERSION = YES;
				CLANG_WARN_DEPRECATED_OBJC_IMPLEMENTATIONS = YES;
				CLANG_WARN_DIRECT_OBJC_ISA_USAGE = YES_ERROR;
				CLANG_WARN_DOCUMENTATION_COMMENTS = YES;
				CLANG_WARN_EMPTY_BODY = YES;
				CLANG_WARN_ENUM_CONVERSION = YES;
				CLANG_WARN_INFINITE_RECURSION = YES;
				CLANG_WARN_INT_CONVERSION = YES;
				CLANG_WARN_NON_LITERAL_NULL_CONVERSION = YES;
				CLANG_WARN_OBJC_IMPLICIT_RETAIN_SELF = YES;
				CLANG_WARN_OBJC_LITERAL_CONVERSION = YES;
				CLANG_WARN_OBJC_ROOT_CLASS = YES_ERROR;
				CLANG_WARN_QUOTED_INCLUDE_IN_FRAMEWORK_HEADER = YES;
				CLANG_WARN_RANGE_LOOP_ANALYSIS = YES;
				CLANG_WARN_STRICT_PROTOTYPES = YES;
				CLANG_WARN_SUSPICIOUS_MOVE = YES;
				CLANG_WARN_UNGUARDED_AVAILABILITY = YES_AGGRESSIVE;
				CLANG_WARN_UNREACHABLE_CODE = YES;
				CLANG_WARN__DUPLICATE_METHOD_MATCH = YES;
				COPY_PHASE_STRIP = NO;
				DEBUG_INFORMATION_FORMAT = dwarf;
				ENABLE_STRICT_OBJC_MSGSEND = YES;
				ENABLE_TESTABILITY = YES;
				GCC_C_LANGUAGE_STANDARD = gnu11;
				GCC_DYNAMIC_NO_PIC = NO;
				GCC_NO_COMMON_BLOCKS = YES;
				GCC_OPTIMIZATION_LEVEL = 0;
				GCC_PREPROCESSOR_DEFINITIONS = (
					"DEBUG=1",
					"$(inherited)",
				);
				GCC_WARN_64_TO_32_BIT_CONVERSION = YES;
				GCC_WARN_ABOUT_RETURN_TYPE = YES_ERROR;
				GCC_WARN_UNDECLARED_SELECTOR = YES;
				GCC_WARN_UNINITIALIZED_AUTOS = YES_AGGRESSIVE;
				GCC_WARN_UNUSED_FUNCTION = YES;
				GCC_WARN_UNUSED_VARIABLE = YES;
				MACOSX_DEPLOYMENT_TARGET = 12.3;
				MTL_ENABLE_DEBUG_INFO = INCLUDE_SOURCE;
				MTL_FAST_MATH = YES;
				ONLY_ACTIVE_ARCH = YES;
				SDKROOT = macosx;
				SWIFT_ACTIVE_COMPILATION_CONDITIONS = DEBUG;
				SWIFT_OPTIMIZATION_LEVEL = "-Onone";
			};
			name = Debug;
		};
		17548653281CBFFA007FE610 /* Release */ = {
			isa = XCBuildConfiguration;
			buildSettings = {
				ALWAYS_SEARCH_USER_PATHS = NO;
				CLANG_ANALYZER_NONNULL = YES;
				CLANG_ANALYZER_NUMBER_OBJECT_CONVERSION = YES_AGGRESSIVE;
				CLANG_CXX_LANGUAGE_STANDARD = "gnu++17";
				CLANG_ENABLE_MODULES = YES;
				CLANG_ENABLE_OBJC_ARC = YES;
				CLANG_ENABLE_OBJC_WEAK = YES;
				CLANG_WARN_BLOCK_CAPTURE_AUTORELEASING = YES;
				CLANG_WARN_BOOL_CONVERSION = YES;
				CLANG_WARN_COMMA = YES;
				CLANG_WARN_CONSTANT_CONVERSION = YES;
				CLANG_WARN_DEPRECATED_OBJC_IMPLEMENTATIONS = YES;
				CLANG_WARN_DIRECT_OBJC_ISA_USAGE = YES_ERROR;
				CLANG_WARN_DOCUMENTATION_COMMENTS = YES;
				CLANG_WARN_EMPTY_BODY = YES;
				CLANG_WARN_ENUM_CONVERSION = YES;
				CLANG_WARN_INFINITE_RECURSION = YES;
				CLANG_WARN_INT_CONVERSION = YES;
				CLANG_WARN_NON_LITERAL_NULL_CONVERSION = YES;
				CLANG_WARN_OBJC_IMPLICIT_RETAIN_SELF = YES;
				CLANG_WARN_OBJC_LITERAL_CONVERSION = YES;
				CLANG_WARN_OBJC_ROOT_CLASS = YES_ERROR;
				CLANG_WARN_QUOTED_INCLUDE_IN_FRAMEWORK_HEADER = YES;
				CLANG_WARN_RANGE_LOOP_ANALYSIS = YES;
				CLANG_WARN_STRICT_PROTOTYPES = YES;
				CLANG_WARN_SUSPICIOUS_MOVE = YES;
				CLANG_WARN_UNGUARDED_AVAILABILITY = YES_AGGRESSIVE;
				CLANG_WARN_UNREACHABLE_CODE = YES;
				CLANG_WARN__DUPLICATE_METHOD_MATCH = YES;
				COPY_PHASE_STRIP = NO;
				DEBUG_INFORMATION_FORMAT = "dwarf-with-dsym";
				ENABLE_NS_ASSERTIONS = NO;
				ENABLE_STRICT_OBJC_MSGSEND = YES;
				GCC_C_LANGUAGE_STANDARD = gnu11;
				GCC_NO_COMMON_BLOCKS = YES;
				GCC_WARN_64_TO_32_BIT_CONVERSION = YES;
				GCC_WARN_ABOUT_RETURN_TYPE = YES_ERROR;
				GCC_WARN_UNDECLARED_SELECTOR = YES;
				GCC_WARN_UNINITIALIZED_AUTOS = YES_AGGRESSIVE;
				GCC_WARN_UNUSED_FUNCTION = YES;
				GCC_WARN_UNUSED_VARIABLE = YES;
				MACOSX_DEPLOYMENT_TARGET = 12.3;
				MTL_ENABLE_DEBUG_INFO = NO;
				MTL_FAST_MATH = YES;
				SDKROOT = macosx;
				SWIFT_COMPILATION_MODE = wholemodule;
				SWIFT_OPTIMIZATION_LEVEL = "-O";
			};
			name = Release;
		};
		17548655281CBFFA007FE610 /* Debug */ = {
			isa = XCBuildConfiguration;
			buildSettings = {
				ASSETCATALOG_COMPILER_APPICON_NAME = AppIcon;
				ASSETCATALOG_COMPILER_GLOBAL_ACCENT_COLOR_NAME = AccentColor;
				CODE_SIGN_ENTITLEMENTS = Comet/Comet.entitlements;
				CODE_SIGN_STYLE = Automatic;
				COMBINE_HIDPI_IMAGES = YES;
				CURRENT_PROJECT_VERSION = 1;
				DEVELOPMENT_TEAM = 5G9LQDP24F;
				ENABLE_HARDENED_RUNTIME = YES;
				GENERATE_INFOPLIST_FILE = YES;
				INFOPLIST_KEY_NSHumanReadableCopyright = "";
				INFOPLIST_KEY_NSPrincipalClass = NSApplication;
				LD_RUNPATH_SEARCH_PATHS = (
					"$(inherited)",
					"@executable_path/../Frameworks",
				);
				MARKETING_VERSION = 1.0;
				PRODUCT_BUNDLE_IDENTIFIER = skwapps.Comet;
				PRODUCT_NAME = "$(TARGET_NAME)";
				SWIFT_EMIT_LOC_STRINGS = YES;
				SWIFT_VERSION = 5.0;
			};
			name = Debug;
		};
		17548656281CBFFA007FE610 /* Release */ = {
			isa = XCBuildConfiguration;
			buildSettings = {
				ASSETCATALOG_COMPILER_APPICON_NAME = AppIcon;
				ASSETCATALOG_COMPILER_GLOBAL_ACCENT_COLOR_NAME = AccentColor;
				CODE_SIGN_ENTITLEMENTS = Comet/Comet.entitlements;
				CODE_SIGN_STYLE = Automatic;
				COMBINE_HIDPI_IMAGES = YES;
				CURRENT_PROJECT_VERSION = 1;
				DEVELOPMENT_TEAM = 5G9LQDP24F;
				ENABLE_HARDENED_RUNTIME = YES;
				GENERATE_INFOPLIST_FILE = YES;
				INFOPLIST_KEY_NSHumanReadableCopyright = "";
				INFOPLIST_KEY_NSPrincipalClass = NSApplication;
				LD_RUNPATH_SEARCH_PATHS = (
					"$(inherited)",
					"@executable_path/../Frameworks",
				);
				MARKETING_VERSION = 1.0;
				PRODUCT_BUNDLE_IDENTIFIER = skwapps.Comet;
				PRODUCT_NAME = "$(TARGET_NAME)";
				SWIFT_EMIT_LOC_STRINGS = YES;
				SWIFT_VERSION = 5.0;
			};
			name = Release;
		};
/* End XCBuildConfiguration section */

/* Begin XCConfigurationList section */
		17548640281CBFFA007FE610 /* Build configuration list for PBXProject "Comet" */ = {
			isa = XCConfigurationList;
			buildConfigurations = (
				17548652281CBFFA007FE610 /* Debug */,
				17548653281CBFFA007FE610 /* Release */,
			);
			defaultConfigurationIsVisible = 0;
			defaultConfigurationName = Release;
		};
		17548654281CBFFA007FE610 /* Build configuration list for PBXNativeTarget "Comet" */ = {
			isa = XCConfigurationList;
			buildConfigurations = (
				17548655281CBFFA007FE610 /* Debug */,
				17548656281CBFFA007FE610 /* Release */,
			);
			defaultConfigurationIsVisible = 0;
			defaultConfigurationName = Release;
		};
/* End XCConfigurationList section */
	};
	rootObject = 1754863D281CBFFA007FE610 /* Project object */;
}
